
Microsoft Visual Studio Solution File, Format Version 12.00
# Visual Studio Version 16
VisualStudioVersion = 16.0.30320.27
MinimumVisualStudioVersion = 10.0.40219.1
Project("{FAE04EC0-301F-11D3-BF4B-00C04F79EFBC}") = "RecordHTMLTest", "RecordHTMLTest\RecordHTMLTest.csproj", "{DDBAB416-30C3-45B4-ACE4-83CEE5CE8829}"
EndProject
Global
	GlobalSection(SolutionConfigurationPlatforms) = preSolution
		Debug|Any CPU = Debug|Any CPU
		Release|Any CPU = Release|Any CPU
	EndGlobalSection
	GlobalSection(ProjectConfigurationPlatforms) = postSolution
		{DDBAB416-30C3-45B4-ACE4-83CEE5CE8829}.Debug|Any CPU.ActiveCfg = Debug|Any CPU
		{DDBAB416-30C3-45B4-ACE4-83CEE5CE8829}.Debug|Any CPU.Build.0 = Debug|Any CPU
		{DDBAB416-30C3-45B4-ACE4-83CEE5CE8829}.Release|Any CPU.ActiveCfg = Release|Any CPU
		{DDBAB416-30C3-45B4-ACE4-83CEE5CE8829}.Release|Any CPU.Build.0 = Release|Any CPU
	EndGlobalSection
	GlobalSection(SolutionProperties) = preSolution
		HideSolutionNode = FALSE
	EndGlobalSection
	GlobalSection(ExtensibilityGlobals) = postSolution
		SolutionGuid = {B2D28955-C39E-47A5-895C-579A5B59FF88}
	EndGlobalSection
EndGlobal
